PODS:
  - app_rate (0.0.1):
    - Flutter
  - Flutter (1.0.0)

DEPENDENCIES:
  - app_rate (from `.symlinks/plugins/app_rate/ios`)
  - Flutter (from `.symlinks/flutter/ios`)

EXTERNAL SOURCES:
  app_rate:
    :path: ".symlinks/plugins/app_rate/ios"
  Flutter:
    :path: ".symlinks/flutter/ios"

SPEC CHECKSUMS:
  app_rate: b5ff070fbd50307aba69a710623fbbc961cc0f1d
  Flutter: 9d0fac939486c9aba2809b7982dfdbb47a7b0296

PODFILE CHECKSUM: ebd43b443038e611b86ede96e613bd6033c49497

COCOAPODS: 1.5.3
